
Microsoft Visual Studio Solution File, Format Version 12.00
# Visual Studio Version 16
VisualStudioVersion = 16.0.30413.136
MinimumVisualStudioVersion = 10.0.40219.1
Project("{9A19103F-16F7-4668-BE54-9A1E7A4F7556}") = "HelloWorldPlugin", "HelloWorldPlugin\HelloWorldPlugin.csproj", "{DD96B11C-989C-41A2-ABE1-171AF002E575}"
EndProject
Project("{9A19103F-16F7-4668-BE54-9A1E7A4F7556}") = "TestPlugin", "TestPlugin\TestPlugin.csproj", "{AFE45769-E297-4527-A7C4-CD9830625506}"
EndProject
Project("{2150E333-8FDC-42A3-9474-1A3956D46DE8}") = "README", "README", "{1F085ABA-F147-46C4-ABE2-20991B5C5C31}"
	ProjectSection(SolutionItems) = preProject
		memo.md = memo.md
		README.md = README.md
	EndProjectSection
EndProject
Global
	GlobalSection(SolutionConfigurationPlatforms) = preSolution
		Debug|Any CPU = Debug|Any CPU
		Release|Any CPU = Release|Any CPU
	EndGlobalSection
	GlobalSection(ProjectConfigurationPlatforms) = postSolution
		{DD96B11C-989C-41A2-ABE1-171AF002E575}.Debug|Any CPU.ActiveCfg = Debug|Any CPU
		{DD96B11C-989C-41A2-ABE1-171AF002E575}.Debug|Any CPU.Build.0 = Debug|Any CPU
		{DD96B11C-989C-41A2-ABE1-171AF002E575}.Release|Any CPU.ActiveCfg = Release|Any CPU
		{DD96B11C-989C-41A2-ABE1-171AF002E575}.Release|Any CPU.Build.0 = Release|Any CPU
		{AFE45769-E297-4527-A7C4-CD9830625506}.Debug|Any CPU.ActiveCfg = Debug|Any CPU
		{AFE45769-E297-4527-A7C4-CD9830625506}.Debug|Any CPU.Build.0 = Debug|Any CPU
		{AFE45769-E297-4527-A7C4-CD9830625506}.Release|Any CPU.ActiveCfg = Release|Any CPU
		{AFE45769-E297-4527-A7C4-CD9830625506}.Release|Any CPU.Build.0 = Release|Any CPU
	EndGlobalSection
	GlobalSection(SolutionProperties) = preSolution
		HideSolutionNode = FALSE
	EndGlobalSection
	GlobalSection(ExtensibilityGlobals) = postSolution
		SolutionGuid = {03FEAC8F-EB8B-4B57-A220-28D2841693EF}
	EndGlobalSection
EndGlobal
